
Microsoft Visual Studio Solution File, Format Version 12.00
# Visual Studio Version 17
VisualStudioVersion = 17.4.33403.182
MinimumVisualStudioVersion = 10.0.40219.1
Project("{2150E333-8FDC-42A3-9474-1A3956D46DE8}") = "Engine", "Engine", "{66C3357D-B908-4669-AE14-F3F50DB78C32}"
EndProject
Project("{2150E333-8FDC-42A3-9474-1A3956D46DE8}") = "Libraries", "Libraries", "{2E99B913-ADCE-49CE-B729-2C1233582E12}"
EndProject
Project("{2150E333-8FDC-42A3-9474-1A3956D46DE8}") = "Tests", "Tests", "{3903C439-2FF0-4CE9-B766-687C441102D7}"
EndProject
Project("{9A19103F-16F7-4668-BE54-9A1E7A4F7556}") = "DynamoServices", "NodeServices\DynamoServices.csproj", "{EF879A10-041D-4C68-83E7-3192685F1BAE}"
EndProject
Project("{9A19103F-16F7-4668-BE54-9A1E7A4F7556}") = "DynamoUtilities", "DynamoUtilities\DynamoUtilities.csproj", "{B5F435CB-0D8A-40B1-A4F7-5ECB3CE792A9}"
EndProject
Project("{9A19103F-16F7-4668-BE54-9A1E7A4F7556}") = "DesignScriptBuiltin", "Libraries\DesignScriptBuiltin\DesignScriptBuiltin.csproj", "{C0D6DEE5-5532-4345-9C66-4C00D7FDB8BE}"
EndProject
Project("{9A19103F-16F7-4668-BE54-9A1E7A4F7556}") = "GraphLayout", "Engine\GraphLayout\GraphLayout.csproj", "{C2595B04-856D-40AE-8B99-4804C7A70708}"
EndProject
Project("{9A19103F-16F7-4668-BE54-9A1E7A4F7556}") = "ProtoCore", "Engine\ProtoCore\ProtoCore.csproj", "{7A9E0314-966F-4584-BAA3-7339CBB849D1}"
EndProject
Project("{9A19103F-16F7-4668-BE54-9A1E7A4F7556}") = "ProtoAssociative", "Engine\ProtoAssociative\ProtoAssociative.csproj", "{7318D5E5-9D15-4ABE-8A51-92F58D4F0B85}"
EndProject
Project("{9A19103F-16F7-4668-BE54-9A1E7A4F7556}") = "ProtoImperative", "Engine\ProtoImperative\ProtoImperative.csproj", "{0D3D43DC-BD7E-46F0-93F7-1C6A6CC79948}"
EndProject
Project("{9A19103F-16F7-4668-BE54-9A1E7A4F7556}") = "ProtoScript", "Engine\ProtoScript\ProtoScript.csproj", "{A4794476-7D0E-41C0-AD83-4AB929C0A46C}"
EndProject
Project("{9A19103F-16F7-4668-BE54-9A1E7A4F7556}") = "VMDataBridge", "Libraries\VMDataBridge\VMDataBridge.csproj", "{CCB6E56B-2DA1-4EBA-A1F9-E8510E129D12}"
EndProject
Project("{9A19103F-16F7-4668-BE54-9A1E7A4F7556}") = "DynamoCore", "DynamoCore\DynamoCore.csproj", "{7858FA8C-475F-4B8E-B468-1F8200778CF8}"
EndProject
Project("{2150E333-8FDC-42A3-9474-1A3956D46DE8}") = "Libraries", "Libraries", "{5F24FDAB-D59B-478C-98A4-389803236FE6}"
EndProject
Project("{9A19103F-16F7-4668-BE54-9A1E7A4F7556}") = "FFITarget", "..\tests\Libraries\FFITarget\FFITarget.csproj", "{00519E43-08DD-4734-ADD5-2C779112EF51}"
EndProject
Project("{9A19103F-16F7-4668-BE54-9A1E7A4F7556}") = "ProtoTest", "..\tests\ProtoTest\ProtoTest.csproj", "{01DB863F-CB0C-4C8D-8355-7ADD01812675}"
EndProject
Project("{9A19103F-16F7-4668-BE54-9A1E7A4F7556}") = "CoreNodes", "Libraries\CoreNodes\CoreNodes.csproj", "{87550B2B-6CB8-461E-8965-DFAFE3AAFB5C}"
EndProject
Global
	GlobalSection(SolutionConfigurationPlatforms) = preSolution
		Debug|Any CPU = Debug|Any CPU
		Debug|NET60_Linux = Debug|NET60_Linux
		Debug|NET60_Windows = Debug|NET60_Windows
		Debug|x64 = Debug|x64
		Release|Any CPU = Release|Any CPU
		Release|NET60_Linux = Release|NET60_Linux
		Release|NET60_Windows = Release|NET60_Windows
		Release|x64 = Release|x64
	EndGlobalSection
	GlobalSection(ProjectConfigurationPlatforms) = postSolution
		{EF879A10-041D-4C68-83E7-3192685F1BAE}.Debug|Any CPU.ActiveCfg = Debug|Any CPU
		{EF879A10-041D-4C68-83E7-3192685F1BAE}.Debug|Any CPU.Build.0 = Debug|Any CPU
		{EF879A10-041D-4C68-83E7-3192685F1BAE}.Debug|NET60_Linux.ActiveCfg = Debug|NET60_Linux
		{EF879A10-041D-4C68-83E7-3192685F1BAE}.Debug|NET60_Linux.Build.0 = Debug|NET60_Linux
		{EF879A10-041D-4C68-83E7-3192685F1BAE}.Debug|NET60_Windows.ActiveCfg = Debug|NET60_Windows
		{EF879A10-041D-4C68-83E7-3192685F1BAE}.Debug|NET60_Windows.Build.0 = Debug|NET60_Windows
		{EF879A10-041D-4C68-83E7-3192685F1BAE}.Debug|x64.ActiveCfg = Debug|x64
		{EF879A10-041D-4C68-83E7-3192685F1BAE}.Debug|x64.Build.0 = Debug|x64
		{EF879A10-041D-4C68-83E7-3192685F1BAE}.Release|Any CPU.ActiveCfg = Release|Any CPU
		{EF879A10-041D-4C68-83E7-3192685F1BAE}.Release|Any CPU.Build.0 = Release|Any CPU
		{EF879A10-041D-4C68-83E7-3192685F1BAE}.Release|NET60_Linux.ActiveCfg = Release|NET60_Linux
		{EF879A10-041D-4C68-83E7-3192685F1BAE}.Release|NET60_Linux.Build.0 = Release|NET60_Linux
		{EF879A10-041D-4C68-83E7-3192685F1BAE}.Release|NET60_Windows.ActiveCfg = Release|NET60_Windows
		{EF879A10-041D-4C68-83E7-3192685F1BAE}.Release|NET60_Windows.Build.0 = Release|NET60_Windows
		{EF879A10-041D-4C68-83E7-3192685F1BAE}.Release|x64.ActiveCfg = Release|x64
		{EF879A10-041D-4C68-83E7-3192685F1BAE}.Release|x64.Build.0 = Release|x64
		{B5F435CB-0D8A-40B1-A4F7-5ECB3CE792A9}.Debug|Any CPU.ActiveCfg = Debug|Any CPU
		{B5F435CB-0D8A-40B1-A4F7-5ECB3CE792A9}.Debug|Any CPU.Build.0 = Debug|Any CPU
		{B5F435CB-0D8A-40B1-A4F7-5ECB3CE792A9}.Debug|NET60_Linux.ActiveCfg = Debug|NET60_Linux
		{B5F435CB-0D8A-40B1-A4F7-5ECB3CE792A9}.Debug|NET60_Linux.Build.0 = Debug|NET60_Linux
		{B5F435CB-0D8A-40B1-A4F7-5ECB3CE792A9}.Debug|NET60_Windows.ActiveCfg = Debug|NET60_Windows
		{B5F435CB-0D8A-40B1-A4F7-5ECB3CE792A9}.Debug|NET60_Windows.Build.0 = Debug|NET60_Windows
		{B5F435CB-0D8A-40B1-A4F7-5ECB3CE792A9}.Debug|x64.ActiveCfg = Debug|x64
		{B5F435CB-0D8A-40B1-A4F7-5ECB3CE792A9}.Debug|x64.Build.0 = Debug|x64
		{B5F435CB-0D8A-40B1-A4F7-5ECB3CE792A9}.Release|Any CPU.ActiveCfg = Release|Any CPU
		{B5F435CB-0D8A-40B1-A4F7-5ECB3CE792A9}.Release|Any CPU.Build.0 = Release|Any CPU
		{B5F435CB-0D8A-40B1-A4F7-5ECB3CE792A9}.Release|NET60_Linux.ActiveCfg = Release|NET60_Linux
		{B5F435CB-0D8A-40B1-A4F7-5ECB3CE792A9}.Release|NET60_Linux.Build.0 = Release|NET60_Linux
		{B5F435CB-0D8A-40B1-A4F7-5ECB3CE792A9}.Release|NET60_Windows.ActiveCfg = Release|NET60_Windows
		{B5F435CB-0D8A-40B1-A4F7-5ECB3CE792A9}.Release|NET60_Windows.Build.0 = Release|NET60_Windows
		{B5F435CB-0D8A-40B1-A4F7-5ECB3CE792A9}.Release|x64.ActiveCfg = Release|x64
		{B5F435CB-0D8A-40B1-A4F7-5ECB3CE792A9}.Release|x64.Build.0 = Release|x64
		{C0D6DEE5-5532-4345-9C66-4C00D7FDB8BE}.Debug|Any CPU.ActiveCfg = Debug|Any CPU
		{C0D6DEE5-5532-4345-9C66-4C00D7FDB8BE}.Debug|Any CPU.Build.0 = Debug|Any CPU
		{C0D6DEE5-5532-4345-9C66-4C00D7FDB8BE}.Debug|NET60_Linux.ActiveCfg = Debug|NET60_Linux
		{C0D6DEE5-5532-4345-9C66-4C00D7FDB8BE}.Debug|NET60_Linux.Build.0 = Debug|NET60_Linux
		{C0D6DEE5-5532-4345-9C66-4C00D7FDB8BE}.Debug|NET60_Windows.ActiveCfg = Debug|NET60_Windows
		{C0D6DEE5-5532-4345-9C66-4C00D7FDB8BE}.Debug|NET60_Windows.Build.0 = Debug|NET60_Windows
		{C0D6DEE5-5532-4345-9C66-4C00D7FDB8BE}.Debug|x64.ActiveCfg = Debug|x64
		{C0D6DEE5-5532-4345-9C66-4C00D7FDB8BE}.Debug|x64.Build.0 = Debug|x64
		{C0D6DEE5-5532-4345-9C66-4C00D7FDB8BE}.Release|Any CPU.ActiveCfg = Release|Any CPU
		{C0D6DEE5-5532-4345-9C66-4C00D7FDB8BE}.Release|Any CPU.Build.0 = Release|Any CPU
		{C0D6DEE5-5532-4345-9C66-4C00D7FDB8BE}.Release|NET60_Linux.ActiveCfg = Release|NET60_Linux
		{C0D6DEE5-5532-4345-9C66-4C00D7FDB8BE}.Release|NET60_Linux.Build.0 = Release|NET60_Linux
		{C0D6DEE5-5532-4345-9C66-4C00D7FDB8BE}.Release|NET60_Windows.ActiveCfg = Release|NET60_Windows
		{C0D6DEE5-5532-4345-9C66-4C00D7FDB8BE}.Release|NET60_Windows.Build.0 = Release|NET60_Windows
		{C0D6DEE5-5532-4345-9C66-4C00D7FDB8BE}.Release|x64.ActiveCfg = Release|x64
		{C0D6DEE5-5532-4345-9C66-4C00D7FDB8BE}.Release|x64.Build.0 = Release|x64
		{C2595B04-856D-40AE-8B99-4804C7A70708}.Debug|Any CPU.ActiveCfg = Debug|Any CPU
		{C2595B04-856D-40AE-8B99-4804C7A70708}.Debug|Any CPU.Build.0 = Debug|Any CPU
		{C2595B04-856D-40AE-8B99-4804C7A70708}.Debug|NET60_Linux.ActiveCfg = Debug|NET60_Linux
		{C2595B04-856D-40AE-8B99-4804C7A70708}.Debug|NET60_Linux.Build.0 = Debug|NET60_Linux
		{C2595B04-856D-40AE-8B99-4804C7A70708}.Debug|NET60_Windows.ActiveCfg = Debug|NET60_Windows
		{C2595B04-856D-40AE-8B99-4804C7A70708}.Debug|NET60_Windows.Build.0 = Debug|NET60_Windows
		{C2595B04-856D-40AE-8B99-4804C7A70708}.Debug|x64.ActiveCfg = Debug|x64
		{C2595B04-856D-40AE-8B99-4804C7A70708}.Debug|x64.Build.0 = Debug|x64
		{C2595B04-856D-40AE-8B99-4804C7A70708}.Release|Any CPU.ActiveCfg = Release|Any CPU
		{C2595B04-856D-40AE-8B99-4804C7A70708}.Release|Any CPU.Build.0 = Release|Any CPU
		{C2595B04-856D-40AE-8B99-4804C7A70708}.Release|NET60_Linux.ActiveCfg = Release|NET60_Linux
		{C2595B04-856D-40AE-8B99-4804C7A70708}.Release|NET60_Linux.Build.0 = Release|NET60_Linux
		{C2595B04-856D-40AE-8B99-4804C7A70708}.Release|NET60_Windows.ActiveCfg = Release|NET60_Windows
		{C2595B04-856D-40AE-8B99-4804C7A70708}.Release|NET60_Windows.Build.0 = Release|NET60_Windows
		{C2595B04-856D-40AE-8B99-4804C7A70708}.Release|x64.ActiveCfg = Release|x64
		{C2595B04-856D-40AE-8B99-4804C7A70708}.Release|x64.Build.0 = Release|x64
		{7A9E0314-966F-4584-BAA3-7339CBB849D1}.Debug|Any CPU.ActiveCfg = Debug|Any CPU
		{7A9E0314-966F-4584-BAA3-7339CBB849D1}.Debug|Any CPU.Build.0 = Debug|Any CPU
		{7A9E0314-966F-4584-BAA3-7339CBB849D1}.Debug|NET60_Linux.ActiveCfg = Debug|NET60_Linux
		{7A9E0314-966F-4584-BAA3-7339CBB849D1}.Debug|NET60_Linux.Build.0 = Debug|NET60_Linux
		{7A9E0314-966F-4584-BAA3-7339CBB849D1}.Debug|NET60_Windows.ActiveCfg = Debug|NET60_Windows
		{7A9E0314-966F-4584-BAA3-7339CBB849D1}.Debug|NET60_Windows.Build.0 = Debug|NET60_Windows
		{7A9E0314-966F-4584-BAA3-7339CBB849D1}.Debug|x64.ActiveCfg = Debug|x64
		{7A9E0314-966F-4584-BAA3-7339CBB849D1}.Debug|x64.Build.0 = Debug|x64
		{7A9E0314-966F-4584-BAA3-7339CBB849D1}.Release|Any CPU.ActiveCfg = Release|Any CPU
		{7A9E0314-966F-4584-BAA3-7339CBB849D1}.Release|Any CPU.Build.0 = Release|Any CPU
		{7A9E0314-966F-4584-BAA3-7339CBB849D1}.Release|NET60_Linux.ActiveCfg = Release|NET60_Linux
		{7A9E0314-966F-4584-BAA3-7339CBB849D1}.Release|NET60_Linux.Build.0 = Release|NET60_Linux
		{7A9E0314-966F-4584-BAA3-7339CBB849D1}.Release|NET60_Windows.ActiveCfg = Release|NET60_Windows
		{7A9E0314-966F-4584-BAA3-7339CBB849D1}.Release|NET60_Windows.Build.0 = Release|NET60_Windows
		{7A9E0314-966F-4584-BAA3-7339CBB849D1}.Release|x64.ActiveCfg = Release|x64
		{7A9E0314-966F-4584-BAA3-7339CBB849D1}.Release|x64.Build.0 = Release|x64
		{7318D5E5-9D15-4ABE-8A51-92F58D4F0B85}.Debug|Any CPU.ActiveCfg = Debug|Any CPU
		{7318D5E5-9D15-4ABE-8A51-92F58D4F0B85}.Debug|Any CPU.Build.0 = Debug|Any CPU
		{7318D5E5-9D15-4ABE-8A51-92F58D4F0B85}.Debug|NET60_Linux.ActiveCfg = Debug|NET60_Linux
		{7318D5E5-9D15-4ABE-8A51-92F58D4F0B85}.Debug|NET60_Linux.Build.0 = Debug|NET60_Linux
		{7318D5E5-9D15-4ABE-8A51-92F58D4F0B85}.Debug|NET60_Windows.ActiveCfg = Debug|NET60_Windows
		{7318D5E5-9D15-4ABE-8A51-92F58D4F0B85}.Debug|NET60_Windows.Build.0 = Debug|NET60_Windows
		{7318D5E5-9D15-4ABE-8A51-92F58D4F0B85}.Debug|x64.ActiveCfg = Debug|x64
		{7318D5E5-9D15-4ABE-8A51-92F58D4F0B85}.Debug|x64.Build.0 = Debug|x64
		{7318D5E5-9D15-4ABE-8A51-92F58D4F0B85}.Release|Any CPU.ActiveCfg = Release|Any CPU
		{7318D5E5-9D15-4ABE-8A51-92F58D4F0B85}.Release|Any CPU.Build.0 = Release|Any CPU
		{7318D5E5-9D15-4ABE-8A51-92F58D4F0B85}.Release|NET60_Linux.ActiveCfg = Release|NET60_Linux
		{7318D5E5-9D15-4ABE-8A51-92F58D4F0B85}.Release|NET60_Linux.Build.0 = Release|NET60_Linux
		{7318D5E5-9D15-4ABE-8A51-92F58D4F0B85}.Release|NET60_Windows.ActiveCfg = Release|NET60_Windows
		{7318D5E5-9D15-4ABE-8A51-92F58D4F0B85}.Release|NET60_Windows.Build.0 = Release|NET60_Windows
		{7318D5E5-9D15-4ABE-8A51-92F58D4F0B85}.Release|x64.ActiveCfg = Release|x64
		{7318D5E5-9D15-4ABE-8A51-92F58D4F0B85}.Release|x64.Build.0 = Release|x64
		{0D3D43DC-BD7E-46F0-93F7-1C6A6CC79948}.Debug|Any CPU.ActiveCfg = Debug|Any CPU
		{0D3D43DC-BD7E-46F0-93F7-1C6A6CC79948}.Debug|Any CPU.Build.0 = Debug|Any CPU
		{0D3D43DC-BD7E-46F0-93F7-1C6A6CC79948}.Debug|NET60_Linux.ActiveCfg = Debug|NET60_Linux
		{0D3D43DC-BD7E-46F0-93F7-1C6A6CC79948}.Debug|NET60_Linux.Build.0 = Debug|NET60_Linux
		{0D3D43DC-BD7E-46F0-93F7-1C6A6CC79948}.Debug|NET60_Windows.ActiveCfg = Debug|NET60_Windows
		{0D3D43DC-BD7E-46F0-93F7-1C6A6CC79948}.Debug|NET60_Windows.Build.0 = Debug|NET60_Windows
		{0D3D43DC-BD7E-46F0-93F7-1C6A6CC79948}.Debug|x64.ActiveCfg = Debug|x64
		{0D3D43DC-BD7E-46F0-93F7-1C6A6CC79948}.Debug|x64.Build.0 = Debug|x64
		{0D3D43DC-BD7E-46F0-93F7-1C6A6CC79948}.Release|Any CPU.ActiveCfg = Release|Any CPU
		{0D3D43DC-BD7E-46F0-93F7-1C6A6CC79948}.Release|Any CPU.Build.0 = Release|Any CPU
		{0D3D43DC-BD7E-46F0-93F7-1C6A6CC79948}.Release|NET60_Linux.ActiveCfg = Release|NET60_Linux
		{0D3D43DC-BD7E-46F0-93F7-1C6A6CC79948}.Release|NET60_Linux.Build.0 = Release|NET60_Linux
		{0D3D43DC-BD7E-46F0-93F7-1C6A6CC79948}.Release|NET60_Windows.ActiveCfg = Release|NET60_Windows
		{0D3D43DC-BD7E-46F0-93F7-1C6A6CC79948}.Release|NET60_Windows.Build.0 = Release|NET60_Windows
		{0D3D43DC-BD7E-46F0-93F7-1C6A6CC79948}.Release|x64.ActiveCfg = Release|x64
		{0D3D43DC-BD7E-46F0-93F7-1C6A6CC79948}.Release|x64.Build.0 = Release|x64
		{A4794476-7D0E-41C0-AD83-4AB929C0A46C}.Debug|Any CPU.ActiveCfg = Debug|Any CPU
		{A4794476-7D0E-41C0-AD83-4AB929C0A46C}.Debug|Any CPU.Build.0 = Debug|Any CPU
		{A4794476-7D0E-41C0-AD83-4AB929C0A46C}.Debug|NET60_Linux.ActiveCfg = Debug|NET60_Linux
		{A4794476-7D0E-41C0-AD83-4AB929C0A46C}.Debug|NET60_Linux.Build.0 = Debug|NET60_Linux
		{A4794476-7D0E-41C0-AD83-4AB929C0A46C}.Debug|NET60_Windows.ActiveCfg = Debug|NET60_Windows
		{A4794476-7D0E-41C0-AD83-4AB929C0A46C}.Debug|NET60_Windows.Build.0 = Debug|NET60_Windows
		{A4794476-7D0E-41C0-AD83-4AB929C0A46C}.Debug|x64.ActiveCfg = Debug|x64
		{A4794476-7D0E-41C0-AD83-4AB929C0A46C}.Debug|x64.Build.0 = Debug|x64
		{A4794476-7D0E-41C0-AD83-4AB929C0A46C}.Release|Any CPU.ActiveCfg = Release|Any CPU
		{A4794476-7D0E-41C0-AD83-4AB929C0A46C}.Release|Any CPU.Build.0 = Release|Any CPU
		{A4794476-7D0E-41C0-AD83-4AB929C0A46C}.Release|NET60_Linux.ActiveCfg = Release|NET60_Linux
		{A4794476-7D0E-41C0-AD83-4AB929C0A46C}.Release|NET60_Linux.Build.0 = Release|NET60_Linux
		{A4794476-7D0E-41C0-AD83-4AB929C0A46C}.Release|NET60_Windows.ActiveCfg = Release|NET60_Windows
		{A4794476-7D0E-41C0-AD83-4AB929C0A46C}.Release|NET60_Windows.Build.0 = Release|NET60_Windows
		{A4794476-7D0E-41C0-AD83-4AB929C0A46C}.Release|x64.ActiveCfg = Release|x64
		{A4794476-7D0E-41C0-AD83-4AB929C0A46C}.Release|x64.Build.0 = Release|x64
		{CCB6E56B-2DA1-4EBA-A1F9-E8510E129D12}.Debug|Any CPU.ActiveCfg = Debug|Any CPU
		{CCB6E56B-2DA1-4EBA-A1F9-E8510E129D12}.Debug|Any CPU.Build.0 = Debug|Any CPU
		{CCB6E56B-2DA1-4EBA-A1F9-E8510E129D12}.Debug|NET60_Linux.ActiveCfg = Debug|NET60_Linux
		{CCB6E56B-2DA1-4EBA-A1F9-E8510E129D12}.Debug|NET60_Linux.Build.0 = Debug|NET60_Linux
		{CCB6E56B-2DA1-4EBA-A1F9-E8510E129D12}.Debug|NET60_Windows.ActiveCfg = Debug|NET60_Windows
		{CCB6E56B-2DA1-4EBA-A1F9-E8510E129D12}.Debug|NET60_Windows.Build.0 = Debug|NET60_Windows
		{CCB6E56B-2DA1-4EBA-A1F9-E8510E129D12}.Debug|x64.ActiveCfg = Debug|x64
		{CCB6E56B-2DA1-4EBA-A1F9-E8510E129D12}.Debug|x64.Build.0 = Debug|x64
		{CCB6E56B-2DA1-4EBA-A1F9-E8510E129D12}.Release|Any CPU.ActiveCfg = Release|Any CPU
		{CCB6E56B-2DA1-4EBA-A1F9-E8510E129D12}.Release|Any CPU.Build.0 = Release|Any CPU
		{CCB6E56B-2DA1-4EBA-A1F9-E8510E129D12}.Release|NET60_Linux.ActiveCfg = Release|NET60_Linux
		{CCB6E56B-2DA1-4EBA-A1F9-E8510E129D12}.Release|NET60_Linux.Build.0 = Release|NET60_Linux
		{CCB6E56B-2DA1-4EBA-A1F9-E8510E129D12}.Release|NET60_Windows.ActiveCfg = Release|NET60_Windows
		{CCB6E56B-2DA1-4EBA-A1F9-E8510E129D12}.Release|NET60_Windows.Build.0 = Release|NET60_Windows
		{CCB6E56B-2DA1-4EBA-A1F9-E8510E129D12}.Release|x64.ActiveCfg = Release|x64
		{CCB6E56B-2DA1-4EBA-A1F9-E8510E129D12}.Release|x64.Build.0 = Release|x64
		{7858FA8C-475F-4B8E-B468-1F8200778CF8}.Debug|Any CPU.ActiveCfg = Debug|Any CPU
		{7858FA8C-475F-4B8E-B468-1F8200778CF8}.Debug|Any CPU.Build.0 = Debug|Any CPU
		{7858FA8C-475F-4B8E-B468-1F8200778CF8}.Debug|NET60_Linux.ActiveCfg = Debug|NET60_Linux
		{7858FA8C-475F-4B8E-B468-1F8200778CF8}.Debug|NET60_Linux.Build.0 = Debug|NET60_Linux
		{7858FA8C-475F-4B8E-B468-1F8200778CF8}.Debug|NET60_Windows.ActiveCfg = Debug|NET60_Windows
		{7858FA8C-475F-4B8E-B468-1F8200778CF8}.Debug|NET60_Windows.Build.0 = Debug|NET60_Windows
		{7858FA8C-475F-4B8E-B468-1F8200778CF8}.Debug|x64.ActiveCfg = Debug|x64
		{7858FA8C-475F-4B8E-B468-1F8200778CF8}.Debug|x64.Build.0 = Debug|x64
		{7858FA8C-475F-4B8E-B468-1F8200778CF8}.Release|Any CPU.ActiveCfg = Release|Any CPU
		{7858FA8C-475F-4B8E-B468-1F8200778CF8}.Release|Any CPU.Build.0 = Release|Any CPU
		{7858FA8C-475F-4B8E-B468-1F8200778CF8}.Release|NET60_Linux.ActiveCfg = Release|NET60_Linux
		{7858FA8C-475F-4B8E-B468-1F8200778CF8}.Release|NET60_Linux.Build.0 = Release|NET60_Linux
		{7858FA8C-475F-4B8E-B468-1F8200778CF8}.Release|NET60_Windows.ActiveCfg = Release|NET60_Windows
		{7858FA8C-475F-4B8E-B468-1F8200778CF8}.Release|NET60_Windows.Build.0 = Release|NET60_Windows
		{7858FA8C-475F-4B8E-B468-1F8200778CF8}.Release|x64.ActiveCfg = Release|x64
		{7858FA8C-475F-4B8E-B468-1F8200778CF8}.Release|x64.Build.0 = Release|x64
		{00519E43-08DD-4734-ADD5-2C779112EF51}.Debug|Any CPU.ActiveCfg = Debug|Any CPU
		{00519E43-08DD-4734-ADD5-2C779112EF51}.Debug|Any CPU.Build.0 = Debug|Any CPU
		{00519E43-08DD-4734-ADD5-2C779112EF51}.Debug|NET60_Linux.ActiveCfg = Debug|Any CPU
		{00519E43-08DD-4734-ADD5-2C779112EF51}.Debug|NET60_Linux.Build.0 = Debug|Any CPU
		{00519E43-08DD-4734-ADD5-2C779112EF51}.Debug|NET60_Windows.ActiveCfg = Debug|Any CPU
		{00519E43-08DD-4734-ADD5-2C779112EF51}.Debug|NET60_Windows.Build.0 = Debug|Any CPU
		{00519E43-08DD-4734-ADD5-2C779112EF51}.Debug|x64.ActiveCfg = Debug|Any CPU
		{00519E43-08DD-4734-ADD5-2C779112EF51}.Debug|x64.Build.0 = Debug|Any CPU
		{00519E43-08DD-4734-ADD5-2C779112EF51}.Release|Any CPU.ActiveCfg = Release|Any CPU
		{00519E43-08DD-4734-ADD5-2C779112EF51}.Release|Any CPU.Build.0 = Release|Any CPU
		{00519E43-08DD-4734-ADD5-2C779112EF51}.Release|NET60_Linux.ActiveCfg = Release|Any CPU
		{00519E43-08DD-4734-ADD5-2C779112EF51}.Release|NET60_Linux.Build.0 = Release|Any CPU
		{00519E43-08DD-4734-ADD5-2C779112EF51}.Release|NET60_Windows.ActiveCfg = Release|Any CPU
		{00519E43-08DD-4734-ADD5-2C779112EF51}.Release|NET60_Windows.Build.0 = Release|Any CPU
		{00519E43-08DD-4734-ADD5-2C779112EF51}.Release|x64.ActiveCfg = Release|Any CPU
		{00519E43-08DD-4734-ADD5-2C779112EF51}.Release|x64.Build.0 = Release|Any CPU
		{01DB863F-CB0C-4C8D-8355-7ADD01812675}.Debug|Any CPU.ActiveCfg = Debug|Any CPU
		{01DB863F-CB0C-4C8D-8355-7ADD01812675}.Debug|Any CPU.Build.0 = Debug|Any CPU
		{01DB863F-CB0C-4C8D-8355-7ADD01812675}.Debug|NET60_Linux.ActiveCfg = Debug|Any CPU
		{01DB863F-CB0C-4C8D-8355-7ADD01812675}.Debug|NET60_Linux.Build.0 = Debug|Any CPU
		{01DB863F-CB0C-4C8D-8355-7ADD01812675}.Debug|NET60_Windows.ActiveCfg = Debug|Any CPU
		{01DB863F-CB0C-4C8D-8355-7ADD01812675}.Debug|NET60_Windows.Build.0 = Debug|Any CPU
		{01DB863F-CB0C-4C8D-8355-7ADD01812675}.Debug|x64.ActiveCfg = Debug|Any CPU
		{01DB863F-CB0C-4C8D-8355-7ADD01812675}.Debug|x64.Build.0 = Debug|Any CPU
		{01DB863F-CB0C-4C8D-8355-7ADD01812675}.Release|Any CPU.ActiveCfg = Release|Any CPU
		{01DB863F-CB0C-4C8D-8355-7ADD01812675}.Release|Any CPU.Build.0 = Release|Any CPU
		{01DB863F-CB0C-4C8D-8355-7ADD01812675}.Release|NET60_Linux.ActiveCfg = Release|Any CPU
		{01DB863F-CB0C-4C8D-8355-7ADD01812675}.Release|NET60_Linux.Build.0 = Release|Any CPU
		{01DB863F-CB0C-4C8D-8355-7ADD01812675}.Release|NET60_Windows.ActiveCfg = Release|Any CPU
		{01DB863F-CB0C-4C8D-8355-7ADD01812675}.Release|NET60_Windows.Build.0 = Release|Any CPU
		{01DB863F-CB0C-4C8D-8355-7ADD01812675}.Release|x64.ActiveCfg = Release|Any CPU
		{01DB863F-CB0C-4C8D-8355-7ADD01812675}.Release|x64.Build.0 = Release|Any CPU
		{87550B2B-6CB8-461E-8965-DFAFE3AAFB5C}.Debug|Any CPU.ActiveCfg = Debug|Any CPU
		{87550B2B-6CB8-461E-8965-DFAFE3AAFB5C}.Debug|Any CPU.Build.0 = Debug|Any CPU
		{87550B2B-6CB8-461E-8965-DFAFE3AAFB5C}.Debug|NET60_Linux.ActiveCfg = Debug|NET60_Linux
		{87550B2B-6CB8-461E-8965-DFAFE3AAFB5C}.Debug|NET60_Linux.Build.0 = Debug|NET60_Linux
		{87550B2B-6CB8-461E-8965-DFAFE3AAFB5C}.Debug|NET60_Windows.ActiveCfg = Debug|NET60_Windows
		{87550B2B-6CB8-461E-8965-DFAFE3AAFB5C}.Debug|NET60_Windows.Build.0 = Debug|NET60_Windows
		{87550B2B-6CB8-461E-8965-DFAFE3AAFB5C}.Debug|x64.ActiveCfg = Debug|x64
		{87550B2B-6CB8-461E-8965-DFAFE3AAFB5C}.Debug|x64.Build.0 = Debug|x64
		{87550B2B-6CB8-461E-8965-DFAFE3AAFB5C}.Release|Any CPU.ActiveCfg = Release|Any CPU
		{87550B2B-6CB8-461E-8965-DFAFE3AAFB5C}.Release|Any CPU.Build.0 = Release|Any CPU
		{87550B2B-6CB8-461E-8965-DFAFE3AAFB5C}.Release|NET60_Linux.ActiveCfg = Release|NET60_Linux
		{87550B2B-6CB8-461E-8965-DFAFE3AAFB5C}.Release|NET60_Linux.Build.0 = Release|NET60_Linux
		{87550B2B-6CB8-461E-8965-DFAFE3AAFB5C}.Release|NET60_Windows.ActiveCfg = Release|NET60_Windows
		{87550B2B-6CB8-461E-8965-DFAFE3AAFB5C}.Release|NET60_Windows.Build.0 = Release|NET60_Windows
		{87550B2B-6CB8-461E-8965-DFAFE3AAFB5C}.Release|x64.ActiveCfg = Release|x64
		{87550B2B-6CB8-461E-8965-DFAFE3AAFB5C}.Release|x64.Build.0 = Release|x64
	EndGlobalSection
	GlobalSection(SolutionProperties) = preSolution
		HideSolutionNode = FALSE
	EndGlobalSection
	GlobalSection(NestedProjects) = preSolution
		{C0D6DEE5-5532-4345-9C66-4C00D7FDB8BE} = {2E99B913-ADCE-49CE-B729-2C1233582E12}
		{C2595B04-856D-40AE-8B99-4804C7A70708} = {66C3357D-B908-4669-AE14-F3F50DB78C32}
		{7A9E0314-966F-4584-BAA3-7339CBB849D1} = {66C3357D-B908-4669-AE14-F3F50DB78C32}
		{7318D5E5-9D15-4ABE-8A51-92F58D4F0B85} = {66C3357D-B908-4669-AE14-F3F50DB78C32}
		{0D3D43DC-BD7E-46F0-93F7-1C6A6CC79948} = {66C3357D-B908-4669-AE14-F3F50DB78C32}
		{A4794476-7D0E-41C0-AD83-4AB929C0A46C} = {66C3357D-B908-4669-AE14-F3F50DB78C32}
		{CCB6E56B-2DA1-4EBA-A1F9-E8510E129D12} = {2E99B913-ADCE-49CE-B729-2C1233582E12}
		{5F24FDAB-D59B-478C-98A4-389803236FE6} = {3903C439-2FF0-4CE9-B766-687C441102D7}
		{00519E43-08DD-4734-ADD5-2C779112EF51} = {5F24FDAB-D59B-478C-98A4-389803236FE6}
		{01DB863F-CB0C-4C8D-8355-7ADD01812675} = {3903C439-2FF0-4CE9-B766-687C441102D7}
		{87550B2B-6CB8-461E-8965-DFAFE3AAFB5C} = {2E99B913-ADCE-49CE-B729-2C1233582E12}
	EndGlobalSection
	GlobalSection(ExtensibilityGlobals) = postSolution
		SolutionGuid = {BEF2171C-5A23-4623-8B86-13381BF13159}
	EndGlobalSection
EndGlobal
